// !$*UTF8*$!
{
	archiveVersion = 1;
	classes = {
	};
	objectVersion = 55;
	objects = {

/* Begin PBXBuildFile section */
		670673BA289B443100404CF9 /* Tests_iOS.swift in Sources */ = {isa = PBXBuildFile; fileRef = 670673B9289B443100404CF9 /* Tests_iOS.swift */; };
		670673BC289B443100404CF9 /* Tests_iOSLaunchTests.swift in Sources */ = {isa = PBXBuildFile; fileRef = 670673BB289B443100404CF9 /* Tests_iOSLaunchTests.swift */; };
		670673C6289B443100404CF9 /* Tests_macOS.swift in Sources */ = {isa = PBXBuildFile; fileRef = 670673C5289B443100404CF9 /* Tests_macOS.swift */; };
		670673C8289B443100404CF9 /* Tests_macOSLaunchTests.swift in Sources */ = {isa = PBXBuildFile; fileRef = 670673C7289B443100404CF9 /* Tests_macOSLaunchTests.swift */; };
		670673C9289B443100404CF9 /* SwiftUIArchitectureApp.swift in Sources */ = {isa = PBXBuildFile; fileRef = 670673A1289B443000404CF9 /* SwiftUIArchitectureApp.swift */; };
		670673CA289B443100404CF9 /* SwiftUIArchitectureApp.swift in Sources */ = {isa = PBXBuildFile; fileRef = 670673A1289B443000404CF9 /* SwiftUIArchitectureApp.swift */; };
		670673CB289B443100404CF9 /* ContentView.swift in Sources */ = {isa = PBXBuildFile; fileRef = 670673A2289B443000404CF9 /* ContentView.swift */; };
		670673CC289B443100404CF9 /* ContentView.swift in Sources */ = {isa = PBXBuildFile; fileRef = 670673A2289B443000404CF9 /* ContentView.swift */; };
		670673CD289B443100404CF9 /* Assets.xcassets in Resources */ = {isa = PBXBuildFile; fileRef = 670673A3289B443100404CF9 /* Assets.xcassets */; };
		670673CE289B443100404CF9 /* Assets.xcassets in Resources */ = {isa = PBXBuildFile; fileRef = 670673A3289B443100404CF9 /* Assets.xcassets */; };
		671E99CD28AAE1BF001CAFDA /* CustomTabView.swift in Sources */ = {isa = PBXBuildFile; fileRef = 671E99CC28AAE1BF001CAFDA /* CustomTabView.swift */; };
		671E99CF28AAE48D001CAFDA /* CustomTabIndex.swift in Sources */ = {isa = PBXBuildFile; fileRef = 671E99CE28AAE48D001CAFDA /* CustomTabIndex.swift */; };
		6742E86528A5A9E5001863DA /* ModelListView.swift in Sources */ = {isa = PBXBuildFile; fileRef = 6742E86428A5A9E5001863DA /* ModelListView.swift */; };
		6742E86728A5AA85001863DA /* TweetModel.swift in Sources */ = {isa = PBXBuildFile; fileRef = 6742E86628A5AA85001863DA /* TweetModel.swift */; };
		67820A7328A9B8CA00CABEDD /* TweetCards.swift in Sources */ = {isa = PBXBuildFile; fileRef = 67820A7228A9B8CA00CABEDD /* TweetCards.swift */; };
		67820A7628A9C6D200CABEDD /* NavigationUsers.swift in Sources */ = {isa = PBXBuildFile; fileRef = 67820A7528A9C6D200CABEDD /* NavigationUsers.swift */; };
		67820A7828A9C73400CABEDD /* UserModel.swift in Sources */ = {isa = PBXBuildFile; fileRef = 67820A7728A9C73400CABEDD /* UserModel.swift */; };
		67820A7A28A9C98D00CABEDD /* UserViewDetail.swift in Sources */ = {isa = PBXBuildFile; fileRef = 67820A7928A9C98D00CABEDD /* UserViewDetail.swift */; };
		67BAA62B289CAE3200AB5EFE /* Kingfisher in Frameworks */ = {isa = PBXBuildFile; productRef = 67BAA62A289CAE3200AB5EFE /* Kingfisher */; };
		67BAA62F289CB04F00AB5EFE /* CircleTextImage.swift in Sources */ = {isa = PBXBuildFile; fileRef = 67BAA62E289CB04F00AB5EFE /* CircleTextImage.swift */; };
		67BAA632289CB28600AB5EFE /* SampleListView.swift in Sources */ = {isa = PBXBuildFile; fileRef = 67BAA631289CB28600AB5EFE /* SampleListView.swift */; };
/* End PBXBuildFile section */

/* Begin PBXContainerItemProxy section */
		670673B6289B443100404CF9 /* PBXContainerItemProxy */ = {
			isa = PBXContainerItemProxy;
			containerPortal = 6706739C289B443000404CF9 /* Project object */;
			proxyType = 1;
			remoteGlobalIDString = 670673A7289B443100404CF9;
			remoteInfo = "SwiftUIArchitecture (iOS)";
		};
		670673C2289B443100404CF9 /* PBXContainerItemProxy */ = {
			isa = PBXContainerItemProxy;
			containerPortal = 6706739C289B443000404CF9 /* Project object */;
			proxyType = 1;
			remoteGlobalIDString = 670673AD289B443100404CF9;
			remoteInfo = "SwiftUIArchitecture (macOS)";
		};
/* End PBXContainerItemProxy section */

/* Begin PBXFileReference section */
		670673A1289B443000404CF9 /* SwiftUIArchitectureApp.swift */ = {isa = PBXFileReference; lastKnownFileType = sourcecode.swift; path = SwiftUIArchitectureApp.swift; sourceTree = "<group>"; };
		670673A2289B443000404CF9 /* ContentView.swift */ = {isa = PBXFileReference; lastKnownFileType = sourcecode.swift; path = ContentView.swift; sourceTree = "<group>"; };
		670673A3289B443100404CF9 /* Assets.xcassets */ = {isa = PBXFileReference; lastKnownFileType = folder.assetcatalog; path = Assets.xcassets; sourceTree = "<group>"; };
		670673A8289B443100404CF9 /* SwiftUIArchitecture.app */ = {isa = PBXFileReference; explicitFileType = wrapper.application; includeInIndex = 0; path = SwiftUIArchitecture.app; sourceTree = BUILT_PRODUCTS_DIR; };
		670673AE289B443100404CF9 /* SwiftUIArchitecture.app */ = {isa = PBXFileReference; explicitFileType = wrapper.application; includeInIndex = 0; path = SwiftUIArchitecture.app; sourceTree = BUILT_PRODUCTS_DIR; };
		670673B0289B443100404CF9 /* macOS.entitlements */ = {isa = PBXFileReference; lastKnownFileType = text.plist.entitlements; path = macOS.entitlements; sourceTree = "<group>"; };
		670673B5289B443100404CF9 /* Tests iOS.xctest */ = {isa = PBXFileReference; explicitFileType = wrapper.cfbundle; includeInIndex = 0; path = "Tests iOS.xctest"; sourceTree = BUILT_PRODUCTS_DIR; };
		670673B9289B443100404CF9 /* Tests_iOS.swift */ = {isa = PBXFileReference; lastKnownFileType = sourcecode.swift; path = Tests_iOS.swift; sourceTree = "<group>"; };
		670673BB289B443100404CF9 /* Tests_iOSLaunchTests.swift */ = {isa = PBXFileReference; lastKnownFileType = sourcecode.swift; path = Tests_iOSLaunchTests.swift; sourceTree = "<group>"; };
		670673C1289B443100404CF9 /* Tests macOS.xctest */ = {isa = PBXFileReference; explicitFileType = wrapper.cfbundle; includeInIndex = 0; path = "Tests macOS.xctest"; sourceTree = BUILT_PRODUCTS_DIR; };
		670673C5289B443100404CF9 /* Tests_macOS.swift */ = {isa = PBXFileReference; lastKnownFileType = sourcecode.swift; path = Tests_macOS.swift; sourceTree = "<group>"; };
		670673C7289B443100404CF9 /* Tests_macOSLaunchTests.swift */ = {isa = PBXFileReference; lastKnownFileType = sourcecode.swift; path = Tests_macOSLaunchTests.swift; sourceTree = "<group>"; };
		671E99CC28AAE1BF001CAFDA /* CustomTabView.swift */ = {isa = PBXFileReference; lastKnownFileType = sourcecode.swift; path = CustomTabView.swift; sourceTree = "<group>"; };
		671E99CE28AAE48D001CAFDA /* CustomTabIndex.swift */ = {isa = PBXFileReference; lastKnownFileType = sourcecode.swift; path = CustomTabIndex.swift; sourceTree = "<group>"; };
		6742E86428A5A9E5001863DA /* ModelListView.swift */ = {isa = PBXFileReference; lastKnownFileType = sourcecode.swift; path = ModelListView.swift; sourceTree = "<group>"; };
		6742E86628A5AA85001863DA /* TweetModel.swift */ = {isa = PBXFileReference; lastKnownFileType = sourcecode.swift; path = TweetModel.swift; sourceTree = "<group>"; };
		67820A7228A9B8CA00CABEDD /* TweetCards.swift */ = {isa = PBXFileReference; lastKnownFileType = sourcecode.swift; path = TweetCards.swift; sourceTree = "<group>"; };
		67820A7528A9C6D200CABEDD /* NavigationUsers.swift */ = {isa = PBXFileReference; lastKnownFileType = sourcecode.swift; path = NavigationUsers.swift; sourceTree = "<group>"; };
		67820A7728A9C73400CABEDD /* UserModel.swift */ = {isa = PBXFileReference; lastKnownFileType = sourcecode.swift; path = UserModel.swift; sourceTree = "<group>"; };
		67820A7928A9C98D00CABEDD /* UserViewDetail.swift */ = {isa = PBXFileReference; lastKnownFileType = sourcecode.swift; path = UserViewDetail.swift; sourceTree = "<group>"; };
		67BAA62E289CB04F00AB5EFE /* CircleTextImage.swift */ = {isa = PBXFileReference; lastKnownFileType = sourcecode.swift; path = CircleTextImage.swift; sourceTree = "<group>"; };
		67BAA631289CB28600AB5EFE /* SampleListView.swift */ = {isa = PBXFileReference; lastKnownFileType = sourcecode.swift; path = SampleListView.swift; sourceTree = "<group>"; };
/* End PBXFileReference section */

/* Begin PBXFrameworksBuildPhase section */
		670673A5289B443100404CF9 /* Frameworks */ = {
			isa = PBXFrameworksBuildPhase;
			buildActionMask = 2147483647;
			files = (
				67BAA62B289CAE3200AB5EFE /* Kingfisher in Frameworks */,
			);
			runOnlyForDeploymentPostprocessing = 0;
		};
		670673AB289B443100404CF9 /* Frameworks */ = {
			isa = PBXFrameworksBuildPhase;
			buildActionMask = 2147483647;
			files = (
			);
			runOnlyForDeploymentPostprocessing = 0;
		};
		670673B2289B443100404CF9 /* Frameworks */ = {
			isa = PBXFrameworksBuildPhase;
			buildActionMask = 2147483647;
			files = (
			);
			runOnlyForDeploymentPostprocessing = 0;
		};
		670673BE289B443100404CF9 /* Frameworks */ = {
			isa = PBXFrameworksBuildPhase;
			buildActionMask = 2147483647;
			files = (
			);
			runOnlyForDeploymentPostprocessing = 0;
		};
/* End PBXFrameworksBuildPhase section */

/* Begin PBXGroup section */
		6706739B289B443000404CF9 = {
			isa = PBXGroup;
			children = (
				670673A0289B443000404CF9 /* Shared */,
				670673AF289B443100404CF9 /* macOS */,
				670673B8289B443100404CF9 /* Tests iOS */,
				670673C4289B443100404CF9 /* Tests macOS */,
				670673A9289B443100404CF9 /* Products */,
			);
			sourceTree = "<group>";
		};
		670673A0289B443000404CF9 /* Shared */ = {
			isa = PBXGroup;
			children = (
				67BAA630289CB26200AB5EFE /* Features */,
				67BAA62C289CB02200AB5EFE /* View */,
				670673A1289B443000404CF9 /* SwiftUIArchitectureApp.swift */,
				670673A2289B443000404CF9 /* ContentView.swift */,
				670673A3289B443100404CF9 /* Assets.xcassets */,
			);
			path = Shared;
			sourceTree = "<group>";
		};
		670673A9289B443100404CF9 /* Products */ = {
			isa = PBXGroup;
			children = (
				670673A8289B443100404CF9 /* SwiftUIArchitecture.app */,
				670673AE289B443100404CF9 /* SwiftUIArchitecture.app */,
				670673B5289B443100404CF9 /* Tests iOS.xctest */,
				670673C1289B443100404CF9 /* Tests macOS.xctest */,
			);
			name = Products;
			sourceTree = "<group>";
		};
		670673AF289B443100404CF9 /* macOS */ = {
			isa = PBXGroup;
			children = (
				670673B0289B443100404CF9 /* macOS.entitlements */,
			);
			path = macOS;
			sourceTree = "<group>";
		};
		670673B8289B443100404CF9 /* Tests iOS */ = {
			isa = PBXGroup;
			children = (
				670673B9289B443100404CF9 /* Tests_iOS.swift */,
				670673BB289B443100404CF9 /* Tests_iOSLaunchTests.swift */,
			);
			path = "Tests iOS";
			sourceTree = "<group>";
		};
		670673C4289B443100404CF9 /* Tests macOS */ = {
			isa = PBXGroup;
			children = (
				670673C5289B443100404CF9 /* Tests_macOS.swift */,
				670673C7289B443100404CF9 /* Tests_macOSLaunchTests.swift */,
			);
			path = "Tests macOS";
			sourceTree = "<group>";
		};
		671E99CB28AAE19F001CAFDA /* CustomTabView */ = {
			isa = PBXGroup;
			children = (
				671E99CC28AAE1BF001CAFDA /* CustomTabView.swift */,
				671E99CE28AAE48D001CAFDA /* CustomTabIndex.swift */,
			);
			path = CustomTabView;
			sourceTree = "<group>";
		};
		6742E86328A5A9D4001863DA /* ModelList */ = {
			isa = PBXGroup;
			children = (
				67820A7228A9B8CA00CABEDD /* TweetCards.swift */,
				6742E86428A5A9E5001863DA /* ModelListView.swift */,
				6742E86628A5AA85001863DA /* TweetModel.swift */,
			);
			path = ModelList;
			sourceTree = "<group>";
		};
		67820A7428A9C6B400CABEDD /* Navigation */ = {
			isa = PBXGroup;
			children = (
				67820A7528A9C6D200CABEDD /* NavigationUsers.swift */,
				67820A7728A9C73400CABEDD /* UserModel.swift */,
				67820A7928A9C98D00CABEDD /* UserViewDetail.swift */,
			);
			path = Navigation;
			sourceTree = "<group>";
		};
		67BAA62C289CB02200AB5EFE /* View */ = {
			isa = PBXGroup;
			children = (
				67BAA62D289CB02F00AB5EFE /* Circle */,
			);
			path = View;
			sourceTree = "<group>";
		};
		67BAA62D289CB02F00AB5EFE /* Circle */ = {
			isa = PBXGroup;
			children = (
				67BAA62E289CB04F00AB5EFE /* CircleTextImage.swift */,
			);
			path = Circle;
			sourceTree = "<group>";
		};
		67BAA630289CB26200AB5EFE /* Features */ = {
			isa = PBXGroup;
			children = (
				671E99CB28AAE19F001CAFDA /* CustomTabView */,
				67820A7428A9C6B400CABEDD /* Navigation */,
				6742E86328A5A9D4001863DA /* ModelList */,
				67BAA631289CB28600AB5EFE /* SampleListView.swift */,
			);
			path = Features;
			sourceTree = "<group>";
		};
/* End PBXGroup section */

/* Begin PBXNativeTarget section */
		670673A7289B443100404CF9 /* SwiftUIArchitecture (iOS) */ = {
			isa = PBXNativeTarget;
			buildConfigurationList = 670673D1289B443100404CF9 /* Build configuration list for PBXNativeTarget "SwiftUIArchitecture (iOS)" */;
			buildPhases = (
				670673A4289B443100404CF9 /* Sources */,
				670673A5289B443100404CF9 /* Frameworks */,
				670673A6289B443100404CF9 /* Resources */,
			);
			buildRules = (
			);
			dependencies = (
			);
			name = "SwiftUIArchitecture (iOS)";
			packageProductDependencies = (
				67BAA62A289CAE3200AB5EFE /* Kingfisher */,
			);
			productName = "SwiftUIArchitecture (iOS)";
			productReference = 670673A8289B443100404CF9 /* SwiftUIArchitecture.app */;
			productType = "com.apple.product-type.application";
		};
		670673AD289B443100404CF9 /* SwiftUIArchitecture (macOS) */ = {
			isa = PBXNativeTarget;
			buildConfigurationList = 670673D4289B443100404CF9 /* Build configuration list for PBXNativeTarget "SwiftUIArchitecture (macOS)" */;
			buildPhases = (
				670673AA289B443100404CF9 /* Sources */,
				670673AB289B443100404CF9 /* Frameworks */,
				670673AC289B443100404CF9 /* Resources */,
			);
			buildRules = (
			);
			dependencies = (
			);
			name = "SwiftUIArchitecture (macOS)";
			productName = "SwiftUIArchitecture (macOS)";
			productReference = 670673AE289B443100404CF9 /* SwiftUIArchitecture.app */;
			productType = "com.apple.product-type.application";
		};
		670673B4289B443100404CF9 /* Tests iOS */ = {
			isa = PBXNativeTarget;
			buildConfigurationList = 670673D7289B443100404CF9 /* Build configuration list for PBXNativeTarget "Tests iOS" */;
			buildPhases = (
				670673B1289B443100404CF9 /* Sources */,
				670673B2289B443100404CF9 /* Frameworks */,
				670673B3289B443100404CF9 /* Resources */,
			);
			buildRules = (
			);
			dependencies = (
				670673B7289B443100404CF9 /* PBXTargetDependency */,
			);
			name = "Tests iOS";
			productName = "Tests iOS";
			productReference = 670673B5289B443100404CF9 /* Tests iOS.xctest */;
			productType = "com.apple.product-type.bundle.ui-testing";
		};
		670673C0289B443100404CF9 /* Tests macOS */ = {
			isa = PBXNativeTarget;
			buildConfigurationList = 670673DA289B443100404CF9 /* Build configuration list for PBXNativeTarget "Tests macOS" */;
			buildPhases = (
				670673BD289B443100404CF9 /* Sources */,
				670673BE289B443100404CF9 /* Frameworks */,
				670673BF289B443100404CF9 /* Resources */,
			);
			buildRules = (
			);
			dependencies = (
				670673C3289B443100404CF9 /* PBXTargetDependency */,
			);
			name = "Tests macOS";
			productName = "Tests macOS";
			productReference = 670673C1289B443100404CF9 /* Tests macOS.xctest */;
			productType = "com.apple.product-type.bundle.ui-testing";
		};
/* End PBXNativeTarget section */

/* Begin PBXProject section */
		6706739C289B443000404CF9 /* Project object */ = {
			isa = PBXProject;
			attributes = {
				BuildIndependentTargetsInParallel = 1;
				LastSwiftUpdateCheck = 1340;
				LastUpgradeCheck = 1340;
				TargetAttributes = {
					670673A7289B443100404CF9 = {
						CreatedOnToolsVersion = 13.4.1;
					};
					670673AD289B443100404CF9 = {
						CreatedOnToolsVersion = 13.4.1;
					};
					670673B4289B443100404CF9 = {
						CreatedOnToolsVersion = 13.4.1;
						TestTargetID = 670673A7289B443100404CF9;
					};
					670673C0289B443100404CF9 = {
						CreatedOnToolsVersion = 13.4.1;
						TestTargetID = 670673AD289B443100404CF9;
					};
				};
			};
			buildConfigurationList = 6706739F289B443000404CF9 /* Build configuration list for PBXProject "SwiftUIArchitecture" */;
			compatibilityVersion = "Xcode 13.0";
			developmentRegion = en;
			hasScannedForEncodings = 0;
			knownRegions = (
				en,
				Base,
			);
			mainGroup = 6706739B289B443000404CF9;
			packageReferences = (
				67BAA629289CAE3200AB5EFE /* XCRemoteSwiftPackageReference "Kingfisher" */,
			);
			productRefGroup = 670673A9289B443100404CF9 /* Products */;
			projectDirPath = "";
			projectRoot = "";
			targets = (
				670673A7289B443100404CF9 /* SwiftUIArchitecture (iOS) */,
				670673AD289B443100404CF9 /* SwiftUIArchitecture (macOS) */,
				670673B4289B443100404CF9 /* Tests iOS */,
				670673C0289B443100404CF9 /* Tests macOS */,
			);
		};
/* End PBXProject section */

/* Begin PBXResourcesBuildPhase section */
		670673A6289B443100404CF9 /* Resources */ = {
			isa = PBXResourcesBuildPhase;
			buildActionMask = 2147483647;
			files = (
				670673CD289B443100404CF9 /* Assets.xcassets in Resources */,
			);
			runOnlyForDeploymentPostprocessing = 0;
		};
		670673AC289B443100404CF9 /* Resources */ = {
			isa = PBXResourcesBuildPhase;
			buildActionMask = 2147483647;
			files = (
				670673CE289B443100404CF9 /* Assets.xcassets in Resources */,
			);
			runOnlyForDeploymentPostprocessing = 0;
		};
		670673B3289B443100404CF9 /* Resources */ = {
			isa = PBXResourcesBuildPhase;
			buildActionMask = 2147483647;
			files = (
			);
			runOnlyForDeploymentPostprocessing = 0;
		};
		670673BF289B443100404CF9 /* Resources */ = {
			isa = PBXResourcesBuildPhase;
			buildActionMask = 2147483647;
			files = (
			);
			runOnlyForDeploymentPostprocessing = 0;
		};
/* End PBXResourcesBuildPhase section */

/* Begin PBXSourcesBuildPhase section */
		670673A4289B443100404CF9 /* Sources */ = {
			isa = PBXSourcesBuildPhase;
			buildActionMask = 2147483647;
			files = (
				67820A7A28A9C98D00CABEDD /* UserViewDetail.swift in Sources */,
				67BAA632289CB28600AB5EFE /* SampleListView.swift in Sources */,
				670673CB289B443100404CF9 /* ContentView.swift in Sources */,
				67820A7628A9C6D200CABEDD /* NavigationUsers.swift in Sources */,
				670673C9289B443100404CF9 /* SwiftUIArchitectureApp.swift in Sources */,
				6742E86728A5AA85001863DA /* TweetModel.swift in Sources */,
				67820A7328A9B8CA00CABEDD /* TweetCards.swift in Sources */,
				671E99CD28AAE1BF001CAFDA /* CustomTabView.swift in Sources */,
				67BAA62F289CB04F00AB5EFE /* CircleTextImage.swift in Sources */,
				671E99CF28AAE48D001CAFDA /* CustomTabIndex.swift in Sources */,
				67820A7828A9C73400CABEDD /* UserModel.swift in Sources */,
				6742E86528A5A9E5001863DA /* ModelListView.swift in Sources */,
			);
			runOnlyForDeploymentPostprocessing = 0;
		};
		670673AA289B443100404CF9 /* Sources */ = {
			isa = PBXSourcesBuildPhase;
			buildActionMask = 2147483647;
			files = (
				670673CC289B443100404CF9 /* ContentView.swift in Sources */,
				670673CA289B443100404CF9 /* SwiftUIArchitectureApp.swift in Sources */,
			);
			runOnlyForDeploymentPostprocessing = 0;
		};
		670673B1289B443100404CF9 /* Sources */ = {
			isa = PBXSourcesBuildPhase;
			buildActionMask = 2147483647;
			files = (
				670673BC289B443100404CF9 /* Tests_iOSLaunchTests.swift in Sources */,
				670673BA289B443100404CF9 /* Tests_iOS.swift in Sources */,
			);
			runOnlyForDeploymentPostprocessing = 0;
		};
		670673BD289B443100404CF9 /* Sources */ = {
			isa = PBXSourcesBuildPhase;
			buildActionMask = 2147483647;
			files = (
				670673C8289B443100404CF9 /* Tests_macOSLaunchTests.swift in Sources */,
				670673C6289B443100404CF9 /* Tests_macOS.swift in Sources */,
			);
			runOnlyForDeploymentPostprocessing = 0;
		};
/* End PBXSourcesBuildPhase section */

/* Begin PBXTargetDependency section */
		670673B7289B443100404CF9 /* PBXTargetDependency */ = {
			isa = PBXTargetDependency;
			target = 670673A7289B443100404CF9 /* SwiftUIArchitecture (iOS) */;
			targetProxy = 670673B6289B443100404CF9 /* PBXContainerItemProxy */;
		};
		670673C3289B443100404CF9 /* PBXTargetDependency */ = {
			isa = PBXTargetDependency;
			target = 670673AD289B443100404CF9 /* SwiftUIArchitecture (macOS) */;
			targetProxy = 670673C2289B443100404CF9 /* PBXContainerItemProxy */;
		};
/* End PBXTargetDependency section */

/* Begin XCBuildConfiguration section */
		670673CF289B443100404CF9 /* Debug */ = {
			isa = XCBuildConfiguration;
			buildSettings = {
				ALWAYS_SEARCH_USER_PATHS = NO;
				CLANG_ANALYZER_NONNULL = YES;
				CLANG_ANALYZER_NUMBER_OBJECT_CONVERSION = YES_AGGRESSIVE;
				CLANG_CXX_LANGUAGE_STANDARD = "gnu++17";
				CLANG_ENABLE_MODULES = YES;
				CLANG_ENABLE_OBJC_ARC = YES;
				CLANG_ENABLE_OBJC_WEAK = YES;
				CLANG_WARN_BLOCK_CAPTURE_AUTORELEASING = YES;
				CLANG_WARN_BOOL_CONVERSION = YES;
				CLANG_WARN_COMMA = YES;
				CLANG_WARN_CONSTANT_CONVERSION = YES;
				CLANG_WARN_DEPRECATED_OBJC_IMPLEMENTATIONS = YES;
				CLANG_WARN_DIRECT_OBJC_ISA_USAGE = YES_ERROR;
				CLANG_WARN_DOCUMENTATION_COMMENTS = YES;
				CLANG_WARN_EMPTY_BODY = YES;
				CLANG_WARN_ENUM_CONVERSION = YES;
				CLANG_WARN_INFINITE_RECURSION = YES;
				CLANG_WARN_INT_CONVERSION = YES;
				CLANG_WARN_NON_LITERAL_NULL_CONVERSION = YES;
				CLANG_WARN_OBJC_IMPLICIT_RETAIN_SELF = YES;
				CLANG_WARN_OBJC_LITERAL_CONVERSION = YES;
				CLANG_WARN_OBJC_ROOT_CLASS = YES_ERROR;
				CLANG_WARN_QUOTED_INCLUDE_IN_FRAMEWORK_HEADER = YES;
				CLANG_WARN_RANGE_LOOP_ANALYSIS = YES;
				CLANG_WARN_STRICT_PROTOTYPES = YES;
				CLANG_WARN_SUSPICIOUS_MOVE = YES;
				CLANG_WARN_UNGUARDED_AVAILABILITY = YES_AGGRESSIVE;
				CLANG_WARN_UNREACHABLE_CODE = YES;
				CLANG_WARN__DUPLICATE_METHOD_MATCH = YES;
				COPY_PHASE_STRIP = NO;
				DEBUG_INFORMATION_FORMAT = dwarf;
				ENABLE_STRICT_OBJC_MSGSEND = YES;
				ENABLE_TESTABILITY = YES;
				GCC_C_LANGUAGE_STANDARD = gnu11;
				GCC_DYNAMIC_NO_PIC = NO;
				GCC_NO_COMMON_BLOCKS = YES;
				GCC_OPTIMIZATION_LEVEL = 0;
				GCC_PREPROCESSOR_DEFINITIONS = (
					"DEBUG=1",
					"$(inherited)",
				);
				GCC_WARN_64_TO_32_BIT_CONVERSION = YES;
				GCC_WARN_ABOUT_RETURN_TYPE = YES_ERROR;
				GCC_WARN_UNDECLARED_SELECTOR = YES;
				GCC_WARN_UNINITIALIZED_AUTOS = YES_AGGRESSIVE;
				GCC_WARN_UNUSED_FUNCTION = YES;
				GCC_WARN_UNUSED_VARIABLE = YES;
				MTL_ENABLE_DEBUG_INFO = INCLUDE_SOURCE;
				MTL_FAST_MATH = YES;
				ONLY_ACTIVE_ARCH = YES;
				SWIFT_ACTIVE_COMPILATION_CONDITIONS = DEBUG;
				SWIFT_OPTIMIZATION_LEVEL = "-Onone";
			};
			name = Debug;
		};
		670673D0289B443100404CF9 /* Release */ = {
			isa = XCBuildConfiguration;
			buildSettings = {
				ALWAYS_SEARCH_USER_PATHS = NO;
				CLANG_ANALYZER_NONNULL = YES;
				CLANG_ANALYZER_NUMBER_OBJECT_CONVERSION = YES_AGGRESSIVE;
				CLANG_CXX_LANGUAGE_STANDARD = "gnu++17";
				CLANG_ENABLE_MODULES = YES;
				CLANG_ENABLE_OBJC_ARC = YES;
				CLANG_ENABLE_OBJC_WEAK = YES;
				CLANG_WARN_BLOCK_CAPTURE_AUTORELEASING = YES;
				CLANG_WARN_BOOL_CONVERSION = YES;
				CLANG_WARN_COMMA = YES;
				CLANG_WARN_CONSTANT_CONVERSION = YES;
				CLANG_WARN_DEPRECATED_OBJC_IMPLEMENTATIONS = YES;
				CLANG_WARN_DIRECT_OBJC_ISA_USAGE = YES_ERROR;
				CLANG_WARN_DOCUMENTATION_COMMENTS = YES;
				CLANG_WARN_EMPTY_BODY = YES;
				CLANG_WARN_ENUM_CONVERSION = YES;
				CLANG_WARN_INFINITE_RECURSION = YES;
				CLANG_WARN_INT_CONVERSION = YES;
				CLANG_WARN_NON_LITERAL_NULL_CONVERSION = YES;
				CLANG_WARN_OBJC_IMPLICIT_RETAIN_SELF = YES;
				CLANG_WARN_OBJC_LITERAL_CONVERSION = YES;
				CLANG_WARN_OBJC_ROOT_CLASS = YES_ERROR;
				CLANG_WARN_QUOTED_INCLUDE_IN_FRAMEWORK_HEADER = YES;
				CLANG_WARN_RANGE_LOOP_ANALYSIS = YES;
				CLANG_WARN_STRICT_PROTOTYPES = YES;
				CLANG_WARN_SUSPICIOUS_MOVE = YES;
				CLANG_WARN_UNGUARDED_AVAILABILITY = YES_AGGRESSIVE;
				CLANG_WARN_UNREACHABLE_CODE = YES;
				CLANG_WARN__DUPLICATE_METHOD_MATCH = YES;
				COPY_PHASE_STRIP = NO;
				DEBUG_INFORMATION_FORMAT = "dwarf-with-dsym";
				ENABLE_NS_ASSERTIONS = NO;
				ENABLE_STRICT_OBJC_MSGSEND = YES;
				GCC_C_LANGUAGE_STANDARD = gnu11;
				GCC_NO_COMMON_BLOCKS = YES;
				GCC_WARN_64_TO_32_BIT_CONVERSION = YES;
				GCC_WARN_ABOUT_RETURN_TYPE = YES_ERROR;
				GCC_WARN_UNDECLARED_SELECTOR = YES;
				GCC_WARN_UNINITIALIZED_AUTOS = YES_AGGRESSIVE;
				GCC_WARN_UNUSED_FUNCTION = YES;
				GCC_WARN_UNUSED_VARIABLE = YES;
				MTL_ENABLE_DEBUG_INFO = NO;
				MTL_FAST_MATH = YES;
				SWIFT_COMPILATION_MODE = wholemodule;
				SWIFT_OPTIMIZATION_LEVEL = "-O";
			};
			name = Release;
		};
		670673D2289B443100404CF9 /* Debug */ = {
			isa = XCBuildConfiguration;
			buildSettings = {
				ASSETCATALOG_COMPILER_APPICON_NAME = AppIcon;
				ASSETCATALOG_COMPILER_GLOBAL_ACCENT_COLOR_NAME = AccentColor;
				CODE_SIGN_STYLE = Automatic;
				CURRENT_PROJECT_VERSION = 1;
				DEVELOPMENT_TEAM = 528Z94HYFA;
				ENABLE_PREVIEWS = YES;
				GENERATE_INFOPLIST_FILE = YES;
				INFOPLIST_KEY_UIApplicationSceneManifest_Generation = YES;
				INFOPLIST_KEY_UIApplicationSupportsIndirectInputEvents = YES;
				INFOPLIST_KEY_UILaunchScreen_Generation = YES;
				INFOPLIST_KEY_UISupportedInterfaceOrientations_iPad = "UIInterfaceOrientationPortrait UIInterfaceOrientationPortraitUpsideDown UIInterfaceOrientationLandscapeLeft UIInterfaceOrientationLandscapeRight";
				INFOPLIST_KEY_UISupportedInterfaceOrientations_iPhone = "UIInterfaceOrientationPortrait UIInterfaceOrientationLandscapeLeft UIInterfaceOrientationLandscapeRight";
				IPHONEOS_DEPLOYMENT_TARGET = 15.5;
				LD_RUNPATH_SEARCH_PATHS = (
					"$(inherited)",
					"@executable_path/Frameworks",
				);
				MARKETING_VERSION = 1.0;
				PRODUCT_BUNDLE_IDENTIFIER = com.srburak.SwiftUIArchitecture;
				PRODUCT_NAME = SwiftUIArchitecture;
				SDKROOT = iphoneos;
				SWIFT_EMIT_LOC_STRINGS = YES;
				SWIFT_VERSION = 5.0;
				TARGETED_DEVICE_FAMILY = "1,2";
			};
			name = Debug;
		};
		670673D3289B443100404CF9 /* Release */ = {
			isa = XCBuildConfiguration;
			buildSettings = {
				ASSETCATALOG_COMPILER_APPICON_NAME = AppIcon;
				ASSETCATALOG_COMPILER_GLOBAL_ACCENT_COLOR_NAME = AccentColor;
				CODE_SIGN_STYLE = Automatic;
				CURRENT_PROJECT_VERSION = 1;
				DEVELOPMENT_TEAM = 528Z94HYFA;
				ENABLE_PREVIEWS = YES;
				GENERATE_INFOPLIST_FILE = YES;
				INFOPLIST_KEY_UIApplicationSceneManifest_Generation = YES;
				INFOPLIST_KEY_UIApplicationSupportsIndirectInputEvents = YES;
				INFOPLIST_KEY_UILaunchScreen_Generation = YES;
				INFOPLIST_KEY_UISupportedInterfaceOrientations_iPad = "UIInterfaceOrientationPortrait UIInterfaceOrientationPortraitUpsideDown UIInterfaceOrientationLandscapeLeft UIInterfaceOrientationLandscapeRight";
				INFOPLIST_KEY_UISupportedInterfaceOrientations_iPhone = "UIInterfaceOrientationPortrait UIInterfaceOrientationLandscapeLeft UIInterfaceOrientationLandscapeRight";
				IPHONEOS_DEPLOYMENT_TARGET = 15.5;
				LD_RUNPATH_SEARCH_PATHS = (
					"$(inherited)",
					"@executable_path/Frameworks",
				);
				MARKETING_VERSION = 1.0;
				PRODUCT_BUNDLE_IDENTIFIER = com.srburak.SwiftUIArchitecture;
				PRODUCT_NAME = SwiftUIArchitecture;
				SDKROOT = iphoneos;
				SWIFT_EMIT_LOC_STRINGS = YES;
				SWIFT_VERSION = 5.0;
				TARGETED_DEVICE_FAMILY = "1,2";
				VALIDATE_PRODUCT = YES;
			};
			name = Release;
		};
		670673D5289B443100404CF9 /* Debug */ = {
			isa = XCBuildConfiguration;
			buildSettings = {
				ASSETCATALOG_COMPILER_APPICON_NAME = AppIcon;
				ASSETCATALOG_COMPILER_GLOBAL_ACCENT_COLOR_NAME = AccentColor;
				CODE_SIGN_ENTITLEMENTS = macOS/macOS.entitlements;
				CODE_SIGN_STYLE = Automatic;
				COMBINE_HIDPI_IMAGES = YES;
				CURRENT_PROJECT_VERSION = 1;
				DEVELOPMENT_TEAM = 528Z94HYFA;
				ENABLE_HARDENED_RUNTIME = YES;
				ENABLE_PREVIEWS = YES;
				GENERATE_INFOPLIST_FILE = YES;
				INFOPLIST_KEY_NSHumanReadableCopyright = "";
				LD_RUNPATH_SEARCH_PATHS = (
					"$(inherited)",
					"@executable_path/../Frameworks",
				);
				MACOSX_DEPLOYMENT_TARGET = 12.3;
				MARKETING_VERSION = 1.0;
				PRODUCT_BUNDLE_IDENTIFIER = com.srburak.SwiftUIArchitecture;
				PRODUCT_NAME = SwiftUIArchitecture;
				SDKROOT = macosx;
				SWIFT_EMIT_LOC_STRINGS = YES;
				SWIFT_VERSION = 5.0;
			};
			name = Debug;
		};
		670673D6289B443100404CF9 /* Release */ = {
			isa = XCBuildConfiguration;
			buildSettings = {
				ASSETCATALOG_COMPILER_APPICON_NAME = AppIcon;
				ASSETCATALOG_COMPILER_GLOBAL_ACCENT_COLOR_NAME = AccentColor;
				CODE_SIGN_ENTITLEMENTS = macOS/macOS.entitlements;
				CODE_SIGN_STYLE = Automatic;
				COMBINE_HIDPI_IMAGES = YES;
				CURRENT_PROJECT_VERSION = 1;
				DEVELOPMENT_TEAM = 528Z94HYFA;
				ENABLE_HARDENED_RUNTIME = YES;
				ENABLE_PREVIEWS = YES;
				GENERATE_INFOPLIST_FILE = YES;
				INFOPLIST_KEY_NSHumanReadableCopyright = "";
				LD_RUNPATH_SEARCH_PATHS = (
					"$(inherited)",
					"@executable_path/../Frameworks",
				);
				MACOSX_DEPLOYMENT_TARGET = 12.3;
				MARKETING_VERSION = 1.0;
				PRODUCT_BUNDLE_IDENTIFIER = com.srburak.SwiftUIArchitecture;
				PRODUCT_NAME = SwiftUIArchitecture;
				SDKROOT = macosx;
				SWIFT_EMIT_LOC_STRINGS = YES;
				SWIFT_VERSION = 5.0;
			};
			name = Release;
		};
		670673D8289B443100404CF9 /* Debug */ = {
			isa = XCBuildConfiguration;
			buildSettings = {
				ALWAYS_EMBED_SWIFT_STANDARD_LIBRARIES = YES;
				CODE_SIGN_STYLE = Automatic;
				CURRENT_PROJECT_VERSION = 1;
				DEVELOPMENT_TEAM = 528Z94HYFA;
				GENERATE_INFOPLIST_FILE = YES;
				IPHONEOS_DEPLOYMENT_TARGET = 15.5;
				MARKETING_VERSION = 1.0;
				PRODUCT_BUNDLE_IDENTIFIER = "com.srburak.Tests-iOS";
				PRODUCT_NAME = "$(TARGET_NAME)";
				SDKROOT = iphoneos;
				SWIFT_EMIT_LOC_STRINGS = NO;
				SWIFT_VERSION = 5.0;
				TARGETED_DEVICE_FAMILY = "1,2";
				TEST_TARGET_NAME = "SwiftUIArchitecture (iOS)";
			};
			name = Debug;
		};
		670673D9289B443100404CF9 /* Release */ = {
			isa = XCBuildConfiguration;
			buildSettings = {
				ALWAYS_EMBED_SWIFT_STANDARD_LIBRARIES = YES;
				CODE_SIGN_STYLE = Automatic;
				CURRENT_PROJECT_VERSION = 1;
				DEVELOPMENT_TEAM = 528Z94HYFA;
				GENERATE_INFOPLIST_FILE = YES;
				IPHONEOS_DEPLOYMENT_TARGET = 15.5;
				MARKETING_VERSION = 1.0;
				PRODUCT_BUNDLE_IDENTIFIER = "com.srburak.Tests-iOS";
				PRODUCT_NAME = "$(TARGET_NAME)";
				SDKROOT = iphoneos;
				SWIFT_EMIT_LOC_STRINGS = NO;
				SWIFT_VERSION = 5.0;
				TARGETED_DEVICE_FAMILY = "1,2";
				TEST_TARGET_NAME = "SwiftUIArchitecture (iOS)";
				VALIDATE_PRODUCT = YES;
			};
			name = Release;
		};
		670673DB289B443100404CF9 /* Debug */ = {
			isa = XCBuildConfiguration;
			buildSettings = {
				ALWAYS_EMBED_SWIFT_STANDARD_LIBRARIES = YES;
				CODE_SIGN_STYLE = Automatic;
				CURRENT_PROJECT_VERSION = 1;
				DEVELOPMENT_TEAM = 528Z94HYFA;
				GENERATE_INFOPLIST_FILE = YES;
				MACOSX_DEPLOYMENT_TARGET = 12.3;
				MARKETING_VERSION = 1.0;
				PRODUCT_BUNDLE_IDENTIFIER = "com.srburak.Tests-macOS";
				PRODUCT_NAME = "$(TARGET_NAME)";
				SDKROOT = macosx;
				SWIFT_EMIT_LOC_STRINGS = NO;
				SWIFT_VERSION = 5.0;
				TEST_TARGET_NAME = "SwiftUIArchitecture (macOS)";
			};
			name = Debug;
		};
		670673DC289B443100404CF9 /* Release */ = {
			isa = XCBuildConfiguration;
			buildSettings = {
				ALWAYS_EMBED_SWIFT_STANDARD_LIBRARIES = YES;
				CODE_SIGN_STYLE = Automatic;
				CURRENT_PROJECT_VERSION = 1;
				DEVELOPMENT_TEAM = 528Z94HYFA;
				GENERATE_INFOPLIST_FILE = YES;
				MACOSX_DEPLOYMENT_TARGET = 12.3;
				MARKETING_VERSION = 1.0;
				PRODUCT_BUNDLE_IDENTIFIER = "com.srburak.Tests-macOS";
				PRODUCT_NAME = "$(TARGET_NAME)";
				SDKROOT = macosx;
				SWIFT_EMIT_LOC_STRINGS = NO;
				SWIFT_VERSION = 5.0;
				TEST_TARGET_NAME = "SwiftUIArchitecture (macOS)";
			};
			name = Release;
		};
/* End XCBuildConfiguration section */

/* Begin XCConfigurationList section */
		6706739F289B443000404CF9 /* Build configuration list for PBXProject "SwiftUIArchitecture" */ = {
			isa = XCConfigurationList;
			buildConfigurations = (
				670673CF289B443100404CF9 /* Debug */,
				670673D0289B443100404CF9 /* Release */,
			);
			defaultConfigurationIsVisible = 0;
			defaultConfigurationName = Release;
		};
		670673D1289B443100404CF9 /* Build configuration list for PBXNativeTarget "SwiftUIArchitecture (iOS)" */ = {
			isa = XCConfigurationList;
			buildConfigurations = (
				670673D2289B443100404CF9 /* Debug */,
				670673D3289B443100404CF9 /* Release */,
			);
			defaultConfigurationIsVisible = 0;
			defaultConfigurationName = Release;
		};
		670673D4289B443100404CF9 /* Build configuration list for PBXNativeTarget "SwiftUIArchitecture (macOS)" */ = {
			isa = XCConfigurationList;
			buildConfigurations = (
				670673D5289B443100404CF9 /* Debug */,
				670673D6289B443100404CF9 /* Release */,
			);
			defaultConfigurationIsVisible = 0;
			defaultConfigurationName = Release;
		};
		670673D7289B443100404CF9 /* Build configuration list for PBXNativeTarget "Tests iOS" */ = {
			isa = XCConfigurationList;
			buildConfigurations = (
				670673D8289B443100404CF9 /* Debug */,
				670673D9289B443100404CF9 /* Release */,
			);
			defaultConfigurationIsVisible = 0;
			defaultConfigurationName = Release;
		};
		670673DA289B443100404CF9 /* Build configuration list for PBXNativeTarget "Tests macOS" */ = {
			isa = XCConfigurationList;
			buildConfigurations = (
				670673DB289B443100404CF9 /* Debug */,
				670673DC289B443100404CF9 /* Release */,
			);
			defaultConfigurationIsVisible = 0;
			defaultConfigurationName = Release;
		};
/* End XCConfigurationList section */

/* Begin XCRemoteSwiftPackageReference section */
		67BAA629289CAE3200AB5EFE /* XCRemoteSwiftPackageReference "Kingfisher" */ = {
			isa = XCRemoteSwiftPackageReference;
			repositoryURL = "https://github.com/onevcat/Kingfisher.git";
			requirement = {
				kind = upToNextMajorVersion;
				minimumVersion = 7.0.0;
			};
		};
/* End XCRemoteSwiftPackageReference section */

/* Begin XCSwiftPackageProductDependency section */
		67BAA62A289CAE3200AB5EFE /* Kingfisher */ = {
			isa = XCSwiftPackageProductDependency;
			package = 67BAA629289CAE3200AB5EFE /* XCRemoteSwiftPackageReference "Kingfisher" */;
			productName = Kingfisher;
		};
/* End XCSwiftPackageProductDependency section */
	};
	rootObject = 6706739C289B443000404CF9 /* Project object */;
}
